// !$*UTF8*$!
{
	archiveVersion = 1;
	classes = {
	};
	objectVersion = 46;
	objects = {

/* Begin PBXBuildFile section */
		2521DD171D81C1B800ADAD59 /* AppDelegate.swift in Sources */ = {isa = PBXBuildFile; fileRef = 2521DD161D81C1B800ADAD59 /* AppDelegate.swift */; };
		2521DD191D81C1B800ADAD59 /* ViewController.swift in Sources */ = {isa = PBXBuildFile; fileRef = 2521DD181D81C1B800ADAD59 /* ViewController.swift */; };
		2521DD1C1D81C1B800ADAD59 /* Main.storyboard in Resources */ = {isa = PBXBuildFile; fileRef = 2521DD1A1D81C1B800ADAD59 /* Main.storyboard */; };
		2521DD1E1D81C1B800ADAD59 /* Assets.xcassets in Resources */ = {isa = PBXBuildFile; fileRef = 2521DD1D1D81C1B800ADAD59 /* Assets.xcassets */; };
		2521DD211D81C1B800ADAD59 /* LaunchScreen.storyboard in Resources */ = {isa = PBXBuildFile; fileRef = 2521DD1F1D81C1B800ADAD59 /* LaunchScreen.storyboard */; };
		2521DD2A1D81C21700ADAD59 /* Shader.glsl in Resources */ = {isa = PBXBuildFile; fileRef = 2521DD281D81C1D600ADAD59 /* Shader.glsl */; };
		2521DD2C1D81C40A00ADAD59 /* graph.png in Resources */ = {isa = PBXBuildFile; fileRef = 2521DD2B1D81C40A00ADAD59 /* graph.png */; };
/* End PBXBuildFile section */

/* Begin PBXFileReference section */
		2521DD131D81C1B800ADAD59 /* SheetCompareTestiOS10.app */ = {isa = PBXFileReference; explicitFileType = wrapper.application; includeInIndex = 0; path = SheetCompareTestiOS10.app; sourceTree = BUILT_PRODUCTS_DIR; };
		2521DD161D81C1B800ADAD59 /* AppDelegate.swift */ = {isa = PBXFileReference; lastKnownFileType = sourcecode.swift; path = AppDelegate.swift; sourceTree = "<group>"; };
		2521DD181D81C1B800ADAD59 /* ViewController.swift */ = {isa = PBXFileReference; lastKnownFileType = sourcecode.swift; path = ViewController.swift; sourceTree = "<group>"; };
		2521DD1B1D81C1B800ADAD59 /* Base */ = {isa = PBXFileReference; lastKnownFileType = file.storyboard; name = Base; path = Base.lproj/Main.storyboard; sourceTree = "<group>"; };
		2521DD1D1D81C1B800ADAD59 /* Assets.xcassets */ = {isa = PBXFileReference; lastKnownFileType = folder.assetcatalog; path = Assets.xcassets; sourceTree = "<group>"; };
		2521DD201D81C1B800ADAD59 /* Base */ = {isa = PBXFileReference; lastKnownFileType = file.storyboard; name = Base; path = Base.lproj/LaunchScreen.storyboard; sourceTree = "<group>"; };
		2521DD221D81C1B800ADAD59 /* Info.plist */ = {isa = PBXFileReference; lastKnownFileType = text.plist.xml; path = Info.plist; sourceTree = "<group>"; };
		2521DD281D81C1D600ADAD59 /* Shader.glsl */ = {isa = PBXFileReference; fileEncoding = 4; lastKnownFileType = text; path = Shader.glsl; sourceTree = "<group>"; };
		2521DD2B1D81C40A00ADAD59 /* graph.png */ = {isa = PBXFileReference; lastKnownFileType = image.png; path = graph.png; sourceTree = "<group>"; };
/* End PBXFileReference section */

/* Begin PBXFrameworksBuildPhase section */
		2521DD101D81C1B800ADAD59 /* Frameworks */ = {
			isa = PBXFrameworksBuildPhase;
			buildActionMask = 2147483647;
			files = (
			);
			runOnlyForDeploymentPostprocessing = 0;
		};
/* End PBXFrameworksBuildPhase section */

/* Begin PBXGroup section */
		2521DD0A1D81C1B800ADAD59 = {
			isa = PBXGroup;
			children = (
				2521DD151D81C1B800ADAD59 /* SheetCompareTestiOS10 */,
				2521DD141D81C1B800ADAD59 /* Products */,
			);
			sourceTree = "<group>";
		};
		2521DD141D81C1B800ADAD59 /* Products */ = {
			isa = PBXGroup;
			children = (
				2521DD131D81C1B800ADAD59 /* SheetCompareTestiOS10.app */,
			);
			name = Products;
			sourceTree = "<group>";
		};
		2521DD151D81C1B800ADAD59 /* SheetCompareTestiOS10 */ = {
			isa = PBXGroup;
			children = (
				2521DD2B1D81C40A00ADAD59 /* graph.png */,
				2521DD161D81C1B800ADAD59 /* AppDelegate.swift */,
				2521DD181D81C1B800ADAD59 /* ViewController.swift */,
				2521DD1A1D81C1B800ADAD59 /* Main.storyboard */,
				2521DD1D1D81C1B800ADAD59 /* Assets.xcassets */,
				2521DD1F1D81C1B800ADAD59 /* LaunchScreen.storyboard */,
				2521DD221D81C1B800ADAD59 /* Info.plist */,
				2521DD281D81C1D600ADAD59 /* Shader.glsl */,
			);
			path = SheetCompareTestiOS10;
			sourceTree = "<group>";
		};
/* End PBXGroup section */

/* Begin PBXNativeTarget section */
		2521DD121D81C1B800ADAD59 /* SheetCompareTestiOS10 */ = {
			isa = PBXNativeTarget;
			buildConfigurationList = 2521DD251D81C1B800ADAD59 /* Build configuration list for PBXNativeTarget "SheetCompareTestiOS10" */;
			buildPhases = (
				2521DD0F1D81C1B800ADAD59 /* Sources */,
				2521DD101D81C1B800ADAD59 /* Frameworks */,
				2521DD111D81C1B800ADAD59 /* Resources */,
			);
			buildRules = (
			);
			dependencies = (
			);
			name = SheetCompareTestiOS10;
			productName = SheetCompareTestiOS10;
			productReference = 2521DD131D81C1B800ADAD59 /* SheetCompareTestiOS10.app */;
			productType = "com.apple.product-type.application";
		};
/* End PBXNativeTarget section */

/* Begin PBXProject section */
		2521DD0B1D81C1B800ADAD59 /* Project object */ = {
			isa = PBXProject;
			attributes = {
				LastSwiftUpdateCheck = 0800;
				LastUpgradeCheck = 0800;
				ORGANIZATIONNAME = "Benjamin Encz";
				TargetAttributes = {
					2521DD121D81C1B800ADAD59 = {
						CreatedOnToolsVersion = 8.0;
						DevelopmentTeam = 29VP5K5AJ7;
						LastSwiftMigration = 0800;
						ProvisioningStyle = Automatic;
					};
				};
			};
			buildConfigurationList = 2521DD0E1D81C1B800ADAD59 /* Build configuration list for PBXProject "SheetCompareTestiOS10" */;
			compatibilityVersion = "Xcode 3.2";
			developmentRegion = English;
			hasScannedForEncodings = 0;
			knownRegions = (
				en,
				Base,
			);
			mainGroup = 2521DD0A1D81C1B800ADAD59;
			productRefGroup = 2521DD141D81C1B800ADAD59 /* Products */;
			projectDirPath = "";
			projectRoot = "";
			targets = (
				2521DD121D81C1B800ADAD59 /* SheetCompareTestiOS10 */,
			);
		};
/* End PBXProject section */

/* Begin PBXResourcesBuildPhase section */
		2521DD111D81C1B800ADAD59 /* Resources */ = {
			isa = PBXResourcesBuildPhase;
			buildActionMask = 2147483647;
			files = (
				2521DD2A1D81C21700ADAD59 /* Shader.glsl in Resources */,
				2521DD211D81C1B800ADAD59 /* LaunchScreen.storyboard in Resources */,
				2521DD1E1D81C1B800ADAD59 /* Assets.xcassets in Resources */,
				2521DD1C1D81C1B800ADAD59 /* Main.storyboard in Resources */,
				2521DD2C1D81C40A00ADAD59 /* graph.png in Resources */,
			);
			runOnlyForDeploymentPostprocessing = 0;
		};
/* End PBXResourcesBuildPhase section */

/* Begin PBXSourcesBuildPhase section */
		2521DD0F1D81C1B800ADAD59 /* Sources */ = {
			isa = PBXSourcesBuildPhase;
			buildActionMask = 2147483647;
			files = (
				2521DD191D81C1B800ADAD59 /* ViewController.swift in Sources */,
				2521DD171D81C1B800ADAD59 /* AppDelegate.swift in Sources */,
			);
			runOnlyForDeploymentPostprocessing = 0;
		};
/* End PBXSourcesBuildPhase section */

/* Begin PBXVariantGroup section */
		2521DD1A1D81C1B800ADAD59 /* Main.storyboard */ = {
			isa = PBXVariantGroup;
			children = (
				2521DD1B1D81C1B800ADAD59 /* Base */,
			);
			name = Main.storyboard;
			sourceTree = "<group>";
		};
		2521DD1F1D81C1B800ADAD59 /* LaunchScreen.storyboard */ = {
			isa = PBXVariantGroup;
			children = (
				2521DD201D81C1B800ADAD59 /* Base */,
			);
			name = LaunchScreen.storyboard;
			sourceTree = "<group>";
		};
/* End PBXVariantGroup section */

/* Begin XCBuildConfiguration section */
		2521DD231D81C1B800ADAD59 /* Debug */ = {
			isa = XCBuildConfiguration;
			buildSettings = {
				ALWAYS_SEARCH_USER_PATHS = NO;
				CLANG_ANALYZER_NONNULL = YES;
				CLANG_CXX_LANGUAGE_STANDARD = "gnu++0x";
				CLANG_CXX_LIBRARY = "libc++";
				CLANG_ENABLE_MODULES = YES;
				CLANG_ENABLE_OBJC_ARC = YES;
				CLANG_WARN_BOOL_CONVERSION = YES;
				CLANG_WARN_CONSTANT_CONVERSION = YES;
				CLANG_WARN_DIRECT_OBJC_ISA_USAGE = YES_ERROR;
				CLANG_WARN_DOCUMENTATION_COMMENTS = YES;
				CLANG_WARN_EMPTY_BODY = YES;
				CLANG_WARN_ENUM_CONVERSION = YES;
				CLANG_WARN_INFINITE_RECURSION = YES;
				CLANG_WARN_INT_CONVERSION = YES;
				CLANG_WARN_OBJC_ROOT_CLASS = YES_ERROR;
				CLANG_WARN_SUSPICIOUS_MOVES = YES;
				CLANG_WARN_UNREACHABLE_CODE = YES;
				CLANG_WARN__DUPLICATE_METHOD_MATCH = YES;
				"CODE_SIGN_IDENTITY[sdk=iphoneos*]" = "iPhone Developer";
				COPY_PHASE_STRIP = NO;
				DEBUG_INFORMATION_FORMAT = dwarf;
				ENABLE_STRICT_OBJC_MSGSEND = YES;
				ENABLE_TESTABILITY = YES;
				GCC_C_LANGUAGE_STANDARD = gnu99;
				GCC_DYNAMIC_NO_PIC = NO;
				GCC_NO_COMMON_BLOCKS = YES;
				GCC_OPTIMIZATION_LEVEL = 0;
				GCC_PREPROCESSOR_DEFINITIONS = (
					"DEBUG=1",
					"$(inherited)",
				);
				GCC_WARN_64_TO_32_BIT_CONVERSION = YES;
				GCC_WARN_ABOUT_RETURN_TYPE = YES_ERROR;
				GCC_WARN_UNDECLARED_SELECTOR = YES;
				GCC_WARN_UNINITIALIZED_AUTOS = YES_AGGRESSIVE;
				GCC_WARN_UNUSED_FUNCTION = YES;
				GCC_WARN_UNUSED_VARIABLE = YES;
				IPHONEOS_DEPLOYMENT_TARGET = 10.0;
				MTL_ENABLE_DEBUG_INFO = YES;
				ONLY_ACTIVE_ARCH = YES;
				SDKROOT = iphoneos;
				SWIFT_ACTIVE_COMPILATION_CONDITIONS = DEBUG;
				SWIFT_OPTIMIZATION_LEVEL = "-Onone";
				TARGETED_DEVICE_FAMILY = "1,2";
			};
			name = Debug;
		};
		2521DD241D81C1B800ADAD59 /* Release */ = {
			isa = XCBuildConfiguration;
			buildSettings = {
				ALWAYS_SEARCH_USER_PATHS = NO;
				CLANG_ANALYZER_NONNULL = YES;
				CLANG_CXX_LANGUAGE_STANDARD = "gnu++0x";
				CLANG_CXX_LIBRARY = "libc++";
				CLANG_ENABLE_MODULES = YES;
				CLANG_ENABLE_OBJC_ARC = YES;
				CLANG_WARN_BOOL_CONVERSION = YES;
				CLANG_WARN_CONSTANT_CONVERSION = YES;
				CLANG_WARN_DIRECT_OBJC_ISA_USAGE = YES_ERROR;
				CLANG_WARN_DOCUMENTATION_COMMENTS = YES;
				CLANG_WARN_EMPTY_BODY = YES;
				CLANG_WARN_ENUM_CONVERSION = YES;
				CLANG_WARN_INFINITE_RECURSION = YES;
				CLANG_WARN_INT_CONVERSION = YES;
				CLANG_WARN_OBJC_ROOT_CLASS = YES_ERROR;
				CLANG_WARN_SUSPICIOUS_MOVES = YES;
				CLANG_WARN_UNREACHABLE_CODE = YES;
				CLANG_WARN__DUPLICATE_METHOD_MATCH = YES;
				"CODE_SIGN_IDENTITY[sdk=iphoneos*]" = "iPhone Developer";
				COPY_PHASE_STRIP = NO;
				DEBUG_INFORMATION_FORMAT = "dwarf-with-dsym";
				ENABLE_NS_ASSERTIONS = NO;
				ENABLE_STRICT_OBJC_MSGSEND = YES;
				GCC_C_LANGUAGE_STANDARD = gnu99;
				GCC_NO_COMMON_BLOCKS = YES;
				GCC_WARN_64_TO_32_BIT_CONVERSION = YES;
				GCC_WARN_ABOUT_RETURN_TYPE = YES_ERROR;
				GCC_WARN_UNDECLARED_SELECTOR = YES;
				GCC_WARN_UNINITIALIZED_AUTOS = YES_AGGRESSIVE;
				GCC_WARN_UNUSED_FUNCTION = YES;
				GCC_WARN_UNUSED_VARIABLE = YES;
				IPHONEOS_DEPLOYMENT_TARGET = 10.0;
				MTL_ENABLE_DEBUG_INFO = NO;
				SDKROOT = iphoneos;
				SWIFT_OPTIMIZATION_LEVEL = "-Owholemodule";
				TARGETED_DEVICE_FAMILY = "1,2";
				VALIDATE_PRODUCT = YES;
			};
			name = Release;
		};
		2521DD261D81C1B800ADAD59 /* Debug */ = {
			isa = XCBuildConfiguration;
			buildSettings = {
				ASSETCATALOG_COMPILER_APPICON_NAME = AppIcon;
				CLANG_ENABLE_MODULES = YES;
				DEVELOPMENT_TEAM = 29VP5K5AJ7;
				INFOPLIST_FILE = SheetCompareTestiOS10/Info.plist;
				LD_RUNPATH_SEARCH_PATHS = "$(inherited) @executable_path/Frameworks";
				PRODUCT_BUNDLE_IDENTIFIER = "de.benjamin-encz.SheetCompareTestiOS10";
				PRODUCT_NAME = "$(TARGET_NAME)";
				SWIFT_OPTIMIZATION_LEVEL = "-Onone";
				SWIFT_VERSION = 3.0;
			};
			name = Debug;
		};
		2521DD271D81C1B800ADAD59 /* Release */ = {
			isa = XCBuildConfiguration;
			buildSettings = {
				ASSETCATALOG_COMPILER_APPICON_NAME = AppIcon;
				CLANG_ENABLE_MODULES = YES;
				DEVELOPMENT_TEAM = 29VP5K5AJ7;
				INFOPLIST_FILE = SheetCompareTestiOS10/Info.plist;
				LD_RUNPATH_SEARCH_PATHS = "$(inherited) @executable_path/Frameworks";
				PRODUCT_BUNDLE_IDENTIFIER = "de.benjamin-encz.SheetCompareTestiOS10";
				PRODUCT_NAME = "$(TARGET_NAME)";
				SWIFT_VERSION = 3.0;
			};
			name = Release;
		};
/* End XCBuildConfiguration section */

/* Begin XCConfigurationList section */
		2521DD0E1D81C1B800ADAD59 /* Build configuration list for PBXProject "SheetCompareTestiOS10" */ = {
			isa = XCConfigurationList;
			buildConfigurations = (
				2521DD231D81C1B800ADAD59 /* Debug */,
				2521DD241D81C1B800ADAD59 /* Release */,
			);
			defaultConfigurationIsVisible = 0;
			defaultConfigurationName = Release;
		};
		2521DD251D81C1B800ADAD59 /* Build configuration list for PBXNativeTarget "SheetCompareTestiOS10" */ = {
			isa = XCConfigurationList;
			buildConfigurations = (
				2521DD261D81C1B800ADAD59 /* Debug */,
				2521DD271D81C1B800ADAD59 /* Release */,
			);
			defaultConfigurationIsVisible = 0;
			defaultConfigurationName = Release;
		};
/* End XCConfigurationList section */
	};
	rootObject = 2521DD0B1D81C1B800ADAD59 /* Project object */;
}
